
Microsoft Visual Studio Solution File, Format Version 12.00
# Visual Studio 2012
Project("{F184B08F-C81C-45F6-A57F-5ABD9991F28F}") = "index", "index\index.vbproj", "{eb037e36-4088-4687-8fab-40d99e6455e4}"
EndProject
Global
	GlobalSection(SolutionConfigurationPlatforms) = preSolution
		Debug|Any CPU = Debug|Any CPU
		Release|Any CPU = Release|Any CPU
	EndGlobalSection
	GlobalSection(ProjectConfigurationPlatforms) = postSolution
		{EB037E36-4088-4687-8FAB-40D99E6455E4}.Debug|Any CPU.ActiveCfg = Debug|Any CPU
		{EB037E36-4088-4687-8FAB-40D99E6455E4}.Debug|Any CPU.Build.0 = Debug|Any CPU
		{EB037E36-4088-4687-8FAB-40D99E6455E4}.Release|Any CPU.ActiveCfg = Release|Any CPU
		{EB037E36-4088-4687-8FAB-40D99E6455E4}.Release|Any CPU.Build.0 = Release|Any CPU
	EndGlobalSection
EndGlobal
